// !$*UTF8*$!
{
	archiveVersion = 1;
	classes = {
	};
	objectVersion = 50;
	objects = {

/* Begin PBXBuildFile section */
		B43CE25026E821F5008FC168 /* SwiftUI_NewsApp.swift in Sources */ = {isa = PBXBuildFile; fileRef = B43CE24F26E821F5008FC168 /* SwiftUI_NewsApp.swift */; };
		B43CE25226E821F5008FC168 /* ContentView.swift in Sources */ = {isa = PBXBuildFile; fileRef = B43CE25126E821F5008FC168 /* ContentView.swift */; };
		B43CE25426E821FE008FC168 /* Assets.xcassets in Resources */ = {isa = PBXBuildFile; fileRef = B43CE25326E821FE008FC168 /* Assets.xcassets */; };
		B43CE25726E821FE008FC168 /* Preview Assets.xcassets in Resources */ = {isa = PBXBuildFile; fileRef = B43CE25626E821FE008FC168 /* Preview Assets.xcassets */; };
		B43CE25F26E82698008FC168 /* NetworkManager.swift in Sources */ = {isa = PBXBuildFile; fileRef = B43CE25E26E82697008FC168 /* NetworkManager.swift */; };
		B43CE26226E829A2008FC168 /* PostData.swift in Sources */ = {isa = PBXBuildFile; fileRef = B43CE26126E829A2008FC168 /* PostData.swift */; };
		B43CE26526E841FB008FC168 /* DetailView.swift in Sources */ = {isa = PBXBuildFile; fileRef = B43CE26426E841FB008FC168 /* DetailView.swift */; };
/* End PBXBuildFile section */

/* Begin PBXFileReference section */
		B43CE24C26E821F5008FC168 /* SwiftUI News.app */ = {isa = PBXFileReference; explicitFileType = wrapper.application; includeInIndex = 0; path = "SwiftUI News.app"; sourceTree = BUILT_PRODUCTS_DIR; };
		B43CE24F26E821F5008FC168 /* SwiftUI_NewsApp.swift */ = {isa = PBXFileReference; lastKnownFileType = sourcecode.swift; path = SwiftUI_NewsApp.swift; sourceTree = "<group>"; };
		B43CE25126E821F5008FC168 /* ContentView.swift */ = {isa = PBXFileReference; lastKnownFileType = sourcecode.swift; path = ContentView.swift; sourceTree = "<group>"; };
		B43CE25326E821FE008FC168 /* Assets.xcassets */ = {isa = PBXFileReference; lastKnownFileType = folder.assetcatalog; path = Assets.xcassets; sourceTree = "<group>"; };
		B43CE25626E821FE008FC168 /* Preview Assets.xcassets */ = {isa = PBXFileReference; lastKnownFileType = folder.assetcatalog; path = "Preview Assets.xcassets"; sourceTree = "<group>"; };
		B43CE25826E821FE008FC168 /* Info.plist */ = {isa = PBXFileReference; lastKnownFileType = text.plist.xml; path = Info.plist; sourceTree = "<group>"; };
		B43CE25E26E82697008FC168 /* NetworkManager.swift */ = {isa = PBXFileReference; lastKnownFileType = sourcecode.swift; path = NetworkManager.swift; sourceTree = "<group>"; };
		B43CE26126E829A2008FC168 /* PostData.swift */ = {isa = PBXFileReference; lastKnownFileType = sourcecode.swift; path = PostData.swift; sourceTree = "<group>"; };
		B43CE26426E841FB008FC168 /* DetailView.swift */ = {isa = PBXFileReference; lastKnownFileType = sourcecode.swift; path = DetailView.swift; sourceTree = "<group>"; };
/* End PBXFileReference section */

/* Begin PBXFrameworksBuildPhase section */
		B43CE24926E821F5008FC168 /* Frameworks */ = {
			isa = PBXFrameworksBuildPhase;
			buildActionMask = 2147483647;
			files = (
			);
			runOnlyForDeploymentPostprocessing = 0;
		};
/* End PBXFrameworksBuildPhase section */

/* Begin PBXGroup section */
		B43CE24326E821F5008FC168 = {
			isa = PBXGroup;
			children = (
				B43CE24E26E821F5008FC168 /* SwiftUI News */,
				B43CE24D26E821F5008FC168 /* Products */,
			);
			sourceTree = "<group>";
		};
		B43CE24D26E821F5008FC168 /* Products */ = {
			isa = PBXGroup;
			children = (
				B43CE24C26E821F5008FC168 /* SwiftUI News.app */,
			);
			name = Products;
			sourceTree = "<group>";
		};
		B43CE24E26E821F5008FC168 /* SwiftUI News */ = {
			isa = PBXGroup;
			children = (
				B43CE24F26E821F5008FC168 /* SwiftUI_NewsApp.swift */,
				B43CE26326E841C1008FC168 /* Views */,
				B43CE25326E821FE008FC168 /* Assets.xcassets */,
				B43CE25826E821FE008FC168 /* Info.plist */,
				B43CE25526E821FE008FC168 /* Preview Content */,
				B43CE26026E82974008FC168 /* Models */,
			);
			path = "SwiftUI News";
			sourceTree = "<group>";
		};
		B43CE25526E821FE008FC168 /* Preview Content */ = {
			isa = PBXGroup;
			children = (
				B43CE25626E821FE008FC168 /* Preview Assets.xcassets */,
			);
			path = "Preview Content";
			sourceTree = "<group>";
		};
		B43CE26026E82974008FC168 /* Models */ = {
			isa = PBXGroup;
			children = (
				B43CE25E26E82697008FC168 /* NetworkManager.swift */,
				B43CE26126E829A2008FC168 /* PostData.swift */,
			);
			path = Models;
			sourceTree = "<group>";
		};
		B43CE26326E841C1008FC168 /* Views */ = {
			isa = PBXGroup;
			children = (
				B43CE25126E821F5008FC168 /* ContentView.swift */,
				B43CE26426E841FB008FC168 /* DetailView.swift */,
			);
			path = Views;
			sourceTree = "<group>";
		};
/* End PBXGroup section */

/* Begin PBXNativeTarget section */
		B43CE24B26E821F5008FC168 /* SwiftUI News */ = {
			isa = PBXNativeTarget;
			buildConfigurationList = B43CE25B26E821FE008FC168 /* Build configuration list for PBXNativeTarget "SwiftUI News" */;
			buildPhases = (
				B43CE24826E821F5008FC168 /* Sources */,
				B43CE24926E821F5008FC168 /* Frameworks */,
				B43CE24A26E821F5008FC168 /* Resources */,
			);
			buildRules = (
			);
			dependencies = (
			);
			name = "SwiftUI News";
			productName = "SwiftUI News";
			productReference = B43CE24C26E821F5008FC168 /* SwiftUI News.app */;
			productType = "com.apple.product-type.application";
		};
/* End PBXNativeTarget section */

/* Begin PBXProject section */
		B43CE24426E821F5008FC168 /* Project object */ = {
			isa = PBXProject;
			attributes = {
				LastSwiftUpdateCheck = 1250;
				LastUpgradeCheck = 1250;
				TargetAttributes = {
					B43CE24B26E821F5008FC168 = {
						CreatedOnToolsVersion = 12.5.1;
					};
				};
			};
			buildConfigurationList = B43CE24726E821F5008FC168 /* Build configuration list for PBXProject "SwiftUI News" */;
			compatibilityVersion = "Xcode 9.3";
			developmentRegion = en;
			hasScannedForEncodings = 0;
			knownRegions = (
				en,
				Base,
			);
			mainGroup = B43CE24326E821F5008FC168;
			productRefGroup = B43CE24D26E821F5008FC168 /* Products */;
			projectDirPath = "";
			projectRoot = "";
			targets = (
				B43CE24B26E821F5008FC168 /* SwiftUI News */,
			);
		};
/* End PBXProject section */

/* Begin PBXResourcesBuildPhase section */
		B43CE24A26E821F5008FC168 /* Resources */ = {
			isa = PBXResourcesBuildPhase;
			buildActionMask = 2147483647;
			files = (
				B43CE25726E821FE008FC168 /* Preview Assets.xcassets in Resources */,
				B43CE25426E821FE008FC168 /* Assets.xcassets in Resources */,
			);
			runOnlyForDeploymentPostprocessing = 0;
		};
/* End PBXResourcesBuildPhase section */

/* Begin PBXSourcesBuildPhase section */
		B43CE24826E821F5008FC168 /* Sources */ = {
			isa = PBXSourcesBuildPhase;
			buildActionMask = 2147483647;
			files = (
				B43CE25F26E82698008FC168 /* NetworkManager.swift in Sources */,
				B43CE26226E829A2008FC168 /* PostData.swift in Sources */,
				B43CE25226E821F5008FC168 /* ContentView.swift in Sources */,
				B43CE26526E841FB008FC168 /* DetailView.swift in Sources */,
				B43CE25026E821F5008FC168 /* SwiftUI_NewsApp.swift in Sources */,
			);
			runOnlyForDeploymentPostprocessing = 0;
		};
/* End PBXSourcesBuildPhase section */

/* Begin XCBuildConfiguration section */
		B43CE25926E821FE008FC168 /* Debug */ = {
			isa = XCBuildConfiguration;
			buildSettings = {
				ALWAYS_SEARCH_USER_PATHS = NO;
				CLANG_ANALYZER_NONNULL = YES;
				CLANG_ANALYZER_NUMBER_OBJECT_CONVERSION = YES_AGGRESSIVE;
				CLANG_CXX_LANGUAGE_STANDARD = "gnu++14";
				CLANG_CXX_LIBRARY = "libc++";
				CLANG_ENABLE_MODULES = YES;
				CLANG_ENABLE_OBJC_ARC = YES;
				CLANG_ENABLE_OBJC_WEAK = YES;
				CLANG_WARN_BLOCK_CAPTURE_AUTORELEASING = YES;
				CLANG_WARN_BOOL_CONVERSION = YES;
				CLANG_WARN_COMMA = YES;
				CLANG_WARN_CONSTANT_CONVERSION = YES;
				CLANG_WARN_DEPRECATED_OBJC_IMPLEMENTATIONS = YES;
				CLANG_WARN_DIRECT_OBJC_ISA_USAGE = YES_ERROR;
				CLANG_WARN_DOCUMENTATION_COMMENTS = YES;
				CLANG_WARN_EMPTY_BODY = YES;
				CLANG_WARN_ENUM_CONVERSION = YES;
				CLANG_WARN_INFINITE_RECURSION = YES;
				CLANG_WARN_INT_CONVERSION = YES;
				CLANG_WARN_NON_LITERAL_NULL_CONVERSION = YES;
				CLANG_WARN_OBJC_IMPLICIT_RETAIN_SELF = YES;
				CLANG_WARN_OBJC_LITERAL_CONVERSION = YES;
				CLANG_WARN_OBJC_ROOT_CLASS = YES_ERROR;
				CLANG_WARN_QUOTED_INCLUDE_IN_FRAMEWORK_HEADER = YES;
				CLANG_WARN_RANGE_LOOP_ANALYSIS = YES;
				CLANG_WARN_STRICT_PROTOTYPES = YES;
				CLANG_WARN_SUSPICIOUS_MOVE = YES;
				CLANG_WARN_UNGUARDED_AVAILABILITY = YES_AGGRESSIVE;
				CLANG_WARN_UNREACHABLE_CODE = YES;
				CLANG_WARN__DUPLICATE_METHOD_MATCH = YES;
				COPY_PHASE_STRIP = NO;
				DEBUG_INFORMATION_FORMAT = dwarf;
				ENABLE_STRICT_OBJC_MSGSEND = YES;
				ENABLE_TESTABILITY = YES;
				GCC_C_LANGUAGE_STANDARD = gnu11;
				GCC_DYNAMIC_NO_PIC = NO;
				GCC_NO_COMMON_BLOCKS = YES;
				GCC_OPTIMIZATION_LEVEL = 0;
				GCC_PREPROCESSOR_DEFINITIONS = (
					"DEBUG=1",
					"$(inherited)",
				);
				GCC_WARN_64_TO_32_BIT_CONVERSION = YES;
				GCC_WARN_ABOUT_RETURN_TYPE = YES_ERROR;
				GCC_WARN_UNDECLARED_SELECTOR = YES;
				GCC_WARN_UNINITIALIZED_AUTOS = YES_AGGRESSIVE;
				GCC_WARN_UNUSED_FUNCTION = YES;
				GCC_WARN_UNUSED_VARIABLE = YES;
				IPHONEOS_DEPLOYMENT_TARGET = 14.5;
				MTL_ENABLE_DEBUG_INFO = INCLUDE_SOURCE;
				MTL_FAST_MATH = YES;
				ONLY_ACTIVE_ARCH = YES;
				SDKROOT = iphoneos;
				SWIFT_ACTIVE_COMPILATION_CONDITIONS = DEBUG;
				SWIFT_OPTIMIZATION_LEVEL = "-Onone";
			};
			name = Debug;
		};
		B43CE25A26E821FE008FC168 /* Release */ = {
			isa = XCBuildConfiguration;
			buildSettings = {
				ALWAYS_SEARCH_USER_PATHS = NO;
				CLANG_ANALYZER_NONNULL = YES;
				CLANG_ANALYZER_NUMBER_OBJECT_CONVERSION = YES_AGGRESSIVE;
				CLANG_CXX_LANGUAGE_STANDARD = "gnu++14";
				CLANG_CXX_LIBRARY = "libc++";
				CLANG_ENABLE_MODULES = YES;
				CLANG_ENABLE_OBJC_ARC = YES;
				CLANG_ENABLE_OBJC_WEAK = YES;
				CLANG_WARN_BLOCK_CAPTURE_AUTORELEASING = YES;
				CLANG_WARN_BOOL_CONVERSION = YES;
				CLANG_WARN_COMMA = YES;
				CLANG_WARN_CONSTANT_CONVERSION = YES;
				CLANG_WARN_DEPRECATED_OBJC_IMPLEMENTATIONS = YES;
				CLANG_WARN_DIRECT_OBJC_ISA_USAGE = YES_ERROR;
				CLANG_WARN_DOCUMENTATION_COMMENTS = YES;
				CLANG_WARN_EMPTY_BODY = YES;
				CLANG_WARN_ENUM_CONVERSION = YES;
				CLANG_WARN_INFINITE_RECURSION = YES;
				CLANG_WARN_INT_CONVERSION = YES;
				CLANG_WARN_NON_LITERAL_NULL_CONVERSION = YES;
				CLANG_WARN_OBJC_IMPLICIT_RETAIN_SELF = YES;
				CLANG_WARN_OBJC_LITERAL_CONVERSION = YES;
				CLANG_WARN_OBJC_ROOT_CLASS = YES_ERROR;
				CLANG_WARN_QUOTED_INCLUDE_IN_FRAMEWORK_HEADER = YES;
				CLANG_WARN_RANGE_LOOP_ANALYSIS = YES;
				CLANG_WARN_STRICT_PROTOTYPES = YES;
				CLANG_WARN_SUSPICIOUS_MOVE = YES;
				CLANG_WARN_UNGUARDED_AVAILABILITY = YES_AGGRESSIVE;
				CLANG_WARN_UNREACHABLE_CODE = YES;
				CLANG_WARN__DUPLICATE_METHOD_MATCH = YES;
				COPY_PHASE_STRIP = NO;
				DEBUG_INFORMATION_FORMAT = "dwarf-with-dsym";
				ENABLE_NS_ASSERTIONS = NO;
				ENABLE_STRICT_OBJC_MSGSEND = YES;
				GCC_C_LANGUAGE_STANDARD = gnu11;
				GCC_NO_COMMON_BLOCKS = YES;
				GCC_WARN_64_TO_32_BIT_CONVERSION = YES;
				GCC_WARN_ABOUT_RETURN_TYPE = YES_ERROR;
				GCC_WARN_UNDECLARED_SELECTOR = YES;
				GCC_WARN_UNINITIALIZED_AUTOS = YES_AGGRESSIVE;
				GCC_WARN_UNUSED_FUNCTION = YES;
				GCC_WARN_UNUSED_VARIABLE = YES;
				IPHONEOS_DEPLOYMENT_TARGET = 14.5;
				MTL_ENABLE_DEBUG_INFO = NO;
				MTL_FAST_MATH = YES;
				SDKROOT = iphoneos;
				SWIFT_COMPILATION_MODE = wholemodule;
				SWIFT_OPTIMIZATION_LEVEL = "-O";
				VALIDATE_PRODUCT = YES;
			};
			name = Release;
		};
		B43CE25C26E821FE008FC168 /* Debug */ = {
			isa = XCBuildConfiguration;
			buildSettings = {
				ASSETCATALOG_COMPILER_APPICON_NAME = AppIcon;
				ASSETCATALOG_COMPILER_GLOBAL_ACCENT_COLOR_NAME = AccentColor;
				CODE_SIGN_STYLE = Automatic;
				DEVELOPMENT_ASSET_PATHS = "\"SwiftUI News/Preview Content\"";
				ENABLE_PREVIEWS = YES;
				INFOPLIST_FILE = "SwiftUI News/Info.plist";
				IPHONEOS_DEPLOYMENT_TARGET = 14.0;
				LD_RUNPATH_SEARCH_PATHS = (
					"$(inherited)",
					"@executable_path/Frameworks",
				);
				PRODUCT_BUNDLE_IDENTIFIER = "com.brightsummit.SwiftUI-News";
				PRODUCT_NAME = "$(TARGET_NAME)";
				SWIFT_VERSION = 5.0;
				TARGETED_DEVICE_FAMILY = "1,2";
			};
			name = Debug;
		};
		B43CE25D26E821FE008FC168 /* Release */ = {
			isa = XCBuildConfiguration;
			buildSettings = {
				ASSETCATALOG_COMPILER_APPICON_NAME = AppIcon;
				ASSETCATALOG_COMPILER_GLOBAL_ACCENT_COLOR_NAME = AccentColor;
				CODE_SIGN_STYLE = Automatic;
				DEVELOPMENT_ASSET_PATHS = "\"SwiftUI News/Preview Content\"";
				ENABLE_PREVIEWS = YES;
				INFOPLIST_FILE = "SwiftUI News/Info.plist";
				IPHONEOS_DEPLOYMENT_TARGET = 14.0;
				LD_RUNPATH_SEARCH_PATHS = (
					"$(inherited)",
					"@executable_path/Frameworks",
				);
				PRODUCT_BUNDLE_IDENTIFIER = "com.brightsummit.SwiftUI-News";
				PRODUCT_NAME = "$(TARGET_NAME)";
				SWIFT_VERSION = 5.0;
				TARGETED_DEVICE_FAMILY = "1,2";
			};
			name = Release;
		};
/* End XCBuildConfiguration section */

/* Begin XCConfigurationList section */
		B43CE24726E821F5008FC168 /* Build configuration list for PBXProject "SwiftUI News" */ = {
			isa = XCConfigurationList;
			buildConfigurations = (
				B43CE25926E821FE008FC168 /* Debug */,
				B43CE25A26E821FE008FC168 /* Release */,
			);
			defaultConfigurationIsVisible = 0;
			defaultConfigurationName = Release;
		};
		B43CE25B26E821FE008FC168 /* Build configuration list for PBXNativeTarget "SwiftUI News" */ = {
			isa = XCConfigurationList;
			buildConfigurations = (
				B43CE25C26E821FE008FC168 /* Debug */,
				B43CE25D26E821FE008FC168 /* Release */,
			);
			defaultConfigurationIsVisible = 0;
			defaultConfigurationName = Release;
		};
/* End XCConfigurationList section */
	};
	rootObject = B43CE24426E821F5008FC168 /* Project object */;
}
